
Microsoft Visual Studio Solution File, Format Version 12.00
# Visual Studio Version 17
VisualStudioVersion = 17.4.33403.182
MinimumVisualStudioVersion = 10.0.40219.1
Project("{FAE04EC0-301F-11D3-BF4B-00C04F79EFBC}") = "ECommerceWeb", "ECommerceWeb\ECommerceWeb.csproj", "{9B386195-0387-4D8F-9628-83215B611B00}"
EndProject
Global
	GlobalSection(SolutionConfigurationPlatforms) = preSolution
		Debug|Any CPU = Debug|Any CPU
		Release|Any CPU = Release|Any CPU
	EndGlobalSection
	GlobalSection(ProjectConfigurationPlatforms) = postSolution
		{9B386195-0387-4D8F-9628-83215B611B00}.Debug|Any CPU.ActiveCfg = Debug|Any CPU
		{9B386195-0387-4D8F-9628-83215B611B00}.Debug|Any CPU.Build.0 = Debug|Any CPU
		{9B386195-0387-4D8F-9628-83215B611B00}.Release|Any CPU.ActiveCfg = Release|Any CPU
		{9B386195-0387-4D8F-9628-83215B611B00}.Release|Any CPU.Build.0 = Release|Any CPU
	EndGlobalSection
	GlobalSection(SolutionProperties) = preSolution
		HideSolutionNode = FALSE
	EndGlobalSection
	GlobalSection(ExtensibilityGlobals) = postSolution
		SolutionGuid = {D5180099-8D22-4676-B340-284FC27B47F2}
	EndGlobalSection
EndGlobal
